// !$*UTF8*$!
{
	archiveVersion = 1;
	classes = {
	};
	objectVersion = 50;
	objects = {

/* Begin PBXBuildFile section */
		736405052486E37F00612999 /* AppDelegate.swift in Sources */ = {isa = PBXBuildFile; fileRef = 736405042486E37F00612999 /* AppDelegate.swift */; };
		736405072486E37F00612999 /* ContentView.swift in Sources */ = {isa = PBXBuildFile; fileRef = 736405062486E37F00612999 /* ContentView.swift */; };
		736405092486E38300612999 /* Assets.xcassets in Resources */ = {isa = PBXBuildFile; fileRef = 736405082486E38300612999 /* Assets.xcassets */; };
		7364050C2486E38300612999 /* Preview Assets.xcassets in Resources */ = {isa = PBXBuildFile; fileRef = 7364050B2486E38300612999 /* Preview Assets.xcassets */; };
		7364050F2486E38400612999 /* Main.storyboard in Resources */ = {isa = PBXBuildFile; fileRef = 7364050D2486E38400612999 /* Main.storyboard */; };
		7364051B2486E38400612999 /* BafangConfigToolTests.swift in Sources */ = {isa = PBXBuildFile; fileRef = 7364051A2486E38400612999 /* BafangConfigToolTests.swift */; };
		736405262486E38400612999 /* BafangConfigToolUITests.swift in Sources */ = {isa = PBXBuildFile; fileRef = 736405252486E38400612999 /* BafangConfigToolUITests.swift */; };
		73FD058A2497D72B00DB3A6F /* BafangController.swift in Sources */ = {isa = PBXBuildFile; fileRef = 73FD05892497D72B00DB3A6F /* BafangController.swift */; };
		73FD058E2497DA6500DB3A6F /* SwiftSerial.swift in Sources */ = {isa = PBXBuildFile; fileRef = 73FD058D2497DA6500DB3A6F /* SwiftSerial.swift */; };
/* End PBXBuildFile section */

/* Begin PBXContainerItemProxy section */
		736405172486E38400612999 /* PBXContainerItemProxy */ = {
			isa = PBXContainerItemProxy;
			containerPortal = 736404F92486E37F00612999 /* Project object */;
			proxyType = 1;
			remoteGlobalIDString = 736405002486E37F00612999;
			remoteInfo = BafangConfigTool;
		};
		736405222486E38400612999 /* PBXContainerItemProxy */ = {
			isa = PBXContainerItemProxy;
			containerPortal = 736404F92486E37F00612999 /* Project object */;
			proxyType = 1;
			remoteGlobalIDString = 736405002486E37F00612999;
			remoteInfo = BafangConfigTool;
		};
/* End PBXContainerItemProxy section */

/* Begin PBXFileReference section */
		736405012486E37F00612999 /* BafangConfigTool.app */ = {isa = PBXFileReference; explicitFileType = wrapper.application; includeInIndex = 0; path = BafangConfigTool.app; sourceTree = BUILT_PRODUCTS_DIR; };
		736405042486E37F00612999 /* AppDelegate.swift */ = {isa = PBXFileReference; lastKnownFileType = sourcecode.swift; path = AppDelegate.swift; sourceTree = "<group>"; };
		736405062486E37F00612999 /* ContentView.swift */ = {isa = PBXFileReference; lastKnownFileType = sourcecode.swift; path = ContentView.swift; sourceTree = "<group>"; };
		736405082486E38300612999 /* Assets.xcassets */ = {isa = PBXFileReference; lastKnownFileType = folder.assetcatalog; path = Assets.xcassets; sourceTree = "<group>"; };
		7364050B2486E38300612999 /* Preview Assets.xcassets */ = {isa = PBXFileReference; lastKnownFileType = folder.assetcatalog; path = "Preview Assets.xcassets"; sourceTree = "<group>"; };
		7364050E2486E38400612999 /* Base */ = {isa = PBXFileReference; lastKnownFileType = file.storyboard; name = Base; path = Base.lproj/Main.storyboard; sourceTree = "<group>"; };
		736405102486E38400612999 /* Info.plist */ = {isa = PBXFileReference; lastKnownFileType = text.plist.xml; path = Info.plist; sourceTree = "<group>"; };
		736405112486E38400612999 /* BafangConfigTool.entitlements */ = {isa = PBXFileReference; lastKnownFileType = text.plist.entitlements; path = BafangConfigTool.entitlements; sourceTree = "<group>"; };
		736405162486E38400612999 /* BafangConfigToolTests.xctest */ = {isa = PBXFileReference; explicitFileType = wrapper.cfbundle; includeInIndex = 0; path = BafangConfigToolTests.xctest; sourceTree = BUILT_PRODUCTS_DIR; };
		7364051A2486E38400612999 /* BafangConfigToolTests.swift */ = {isa = PBXFileReference; lastKnownFileType = sourcecode.swift; path = BafangConfigToolTests.swift; sourceTree = "<group>"; };
		7364051C2486E38400612999 /* Info.plist */ = {isa = PBXFileReference; lastKnownFileType = text.plist.xml; path = Info.plist; sourceTree = "<group>"; };
		736405212486E38400612999 /* BafangConfigToolUITests.xctest */ = {isa = PBXFileReference; explicitFileType = wrapper.cfbundle; includeInIndex = 0; path = BafangConfigToolUITests.xctest; sourceTree = BUILT_PRODUCTS_DIR; };
		736405252486E38400612999 /* BafangConfigToolUITests.swift */ = {isa = PBXFileReference; lastKnownFileType = sourcecode.swift; path = BafangConfigToolUITests.swift; sourceTree = "<group>"; };
		736405272486E38400612999 /* Info.plist */ = {isa = PBXFileReference; lastKnownFileType = text.plist.xml; path = Info.plist; sourceTree = "<group>"; };
		73FD05892497D72B00DB3A6F /* BafangController.swift */ = {isa = PBXFileReference; lastKnownFileType = sourcecode.swift; path = BafangController.swift; sourceTree = "<group>"; };
		73FD058D2497DA6500DB3A6F /* SwiftSerial.swift */ = {isa = PBXFileReference; lastKnownFileType = sourcecode.swift; path = SwiftSerial.swift; sourceTree = "<group>"; };
/* End PBXFileReference section */

/* Begin PBXFrameworksBuildPhase section */
		736404FE2486E37F00612999 /* Frameworks */ = {
			isa = PBXFrameworksBuildPhase;
			buildActionMask = 2147483647;
			files = (
			);
			runOnlyForDeploymentPostprocessing = 0;
		};
		736405132486E38400612999 /* Frameworks */ = {
			isa = PBXFrameworksBuildPhase;
			buildActionMask = 2147483647;
			files = (
			);
			runOnlyForDeploymentPostprocessing = 0;
		};
		7364051E2486E38400612999 /* Frameworks */ = {
			isa = PBXFrameworksBuildPhase;
			buildActionMask = 2147483647;
			files = (
			);
			runOnlyForDeploymentPostprocessing = 0;
		};
/* End PBXFrameworksBuildPhase section */

/* Begin PBXGroup section */
		736404F82486E37F00612999 = {
			isa = PBXGroup;
			children = (
				736405032486E37F00612999 /* BafangConfigTool */,
				736405192486E38400612999 /* BafangConfigToolTests */,
				736405242486E38400612999 /* BafangConfigToolUITests */,
				736405022486E37F00612999 /* Products */,
			);
			sourceTree = "<group>";
		};
		736405022486E37F00612999 /* Products */ = {
			isa = PBXGroup;
			children = (
				736405012486E37F00612999 /* BafangConfigTool.app */,
				736405162486E38400612999 /* BafangConfigToolTests.xctest */,
				736405212486E38400612999 /* BafangConfigToolUITests.xctest */,
			);
			name = Products;
			sourceTree = "<group>";
		};
		736405032486E37F00612999 /* BafangConfigTool */ = {
			isa = PBXGroup;
			children = (
				736405042486E37F00612999 /* AppDelegate.swift */,
				736405062486E37F00612999 /* ContentView.swift */,
				736405082486E38300612999 /* Assets.xcassets */,
				7364050D2486E38400612999 /* Main.storyboard */,
				736405102486E38400612999 /* Info.plist */,
				736405112486E38400612999 /* BafangConfigTool.entitlements */,
				7364050A2486E38300612999 /* Preview Content */,
				73FD05892497D72B00DB3A6F /* BafangController.swift */,
				73FD058D2497DA6500DB3A6F /* SwiftSerial.swift */,
			);
			path = BafangConfigTool;
			sourceTree = "<group>";
		};
		7364050A2486E38300612999 /* Preview Content */ = {
			isa = PBXGroup;
			children = (
				7364050B2486E38300612999 /* Preview Assets.xcassets */,
			);
			path = "Preview Content";
			sourceTree = "<group>";
		};
		736405192486E38400612999 /* BafangConfigToolTests */ = {
			isa = PBXGroup;
			children = (
				7364051A2486E38400612999 /* BafangConfigToolTests.swift */,
				7364051C2486E38400612999 /* Info.plist */,
			);
			path = BafangConfigToolTests;
			sourceTree = "<group>";
		};
		736405242486E38400612999 /* BafangConfigToolUITests */ = {
			isa = PBXGroup;
			children = (
				736405252486E38400612999 /* BafangConfigToolUITests.swift */,
				736405272486E38400612999 /* Info.plist */,
			);
			path = BafangConfigToolUITests;
			sourceTree = "<group>";
		};
/* End PBXGroup section */

/* Begin PBXNativeTarget section */
		736405002486E37F00612999 /* BafangConfigTool */ = {
			isa = PBXNativeTarget;
			buildConfigurationList = 7364052A2486E38400612999 /* Build configuration list for PBXNativeTarget "BafangConfigTool" */;
			buildPhases = (
				736404FD2486E37F00612999 /* Sources */,
				736404FE2486E37F00612999 /* Frameworks */,
				736404FF2486E37F00612999 /* Resources */,
			);
			buildRules = (
			);
			dependencies = (
			);
			name = BafangConfigTool;
			productName = BafangConfigTool;
			productReference = 736405012486E37F00612999 /* BafangConfigTool.app */;
			productType = "com.apple.product-type.application";
		};
		736405152486E38400612999 /* BafangConfigToolTests */ = {
			isa = PBXNativeTarget;
			buildConfigurationList = 7364052D2486E38400612999 /* Build configuration list for PBXNativeTarget "BafangConfigToolTests" */;
			buildPhases = (
				736405122486E38400612999 /* Sources */,
				736405132486E38400612999 /* Frameworks */,
				736405142486E38400612999 /* Resources */,
			);
			buildRules = (
			);
			dependencies = (
				736405182486E38400612999 /* PBXTargetDependency */,
			);
			name = BafangConfigToolTests;
			productName = BafangConfigToolTests;
			productReference = 736405162486E38400612999 /* BafangConfigToolTests.xctest */;
			productType = "com.apple.product-type.bundle.unit-test";
		};
		736405202486E38400612999 /* BafangConfigToolUITests */ = {
			isa = PBXNativeTarget;
			buildConfigurationList = 736405302486E38400612999 /* Build configuration list for PBXNativeTarget "BafangConfigToolUITests" */;
			buildPhases = (
				7364051D2486E38400612999 /* Sources */,
				7364051E2486E38400612999 /* Frameworks */,
				7364051F2486E38400612999 /* Resources */,
			);
			buildRules = (
			);
			dependencies = (
				736405232486E38400612999 /* PBXTargetDependency */,
			);
			name = BafangConfigToolUITests;
			productName = BafangConfigToolUITests;
			productReference = 736405212486E38400612999 /* BafangConfigToolUITests.xctest */;
			productType = "com.apple.product-type.bundle.ui-testing";
		};
/* End PBXNativeTarget section */

/* Begin PBXProject section */
		736404F92486E37F00612999 /* Project object */ = {
			isa = PBXProject;
			attributes = {
				LastSwiftUpdateCheck = 1150;
				LastUpgradeCheck = 1150;
				ORGANIZATIONNAME = "Clément Le Bihan";
				TargetAttributes = {
					736405002486E37F00612999 = {
						CreatedOnToolsVersion = 11.5;
					};
					736405152486E38400612999 = {
						CreatedOnToolsVersion = 11.5;
						TestTargetID = 736405002486E37F00612999;
					};
					736405202486E38400612999 = {
						CreatedOnToolsVersion = 11.5;
						TestTargetID = 736405002486E37F00612999;
					};
				};
			};
			buildConfigurationList = 736404FC2486E37F00612999 /* Build configuration list for PBXProject "BafangConfigTool" */;
			compatibilityVersion = "Xcode 9.3";
			developmentRegion = en;
			hasScannedForEncodings = 0;
			knownRegions = (
				en,
				Base,
			);
			mainGroup = 736404F82486E37F00612999;
			productRefGroup = 736405022486E37F00612999 /* Products */;
			projectDirPath = "";
			projectRoot = "";
			targets = (
				736405002486E37F00612999 /* BafangConfigTool */,
				736405152486E38400612999 /* BafangConfigToolTests */,
				736405202486E38400612999 /* BafangConfigToolUITests */,
			);
		};
/* End PBXProject section */

/* Begin PBXResourcesBuildPhase section */
		736404FF2486E37F00612999 /* Resources */ = {
			isa = PBXResourcesBuildPhase;
			buildActionMask = 2147483647;
			files = (
				7364050F2486E38400612999 /* Main.storyboard in Resources */,
				7364050C2486E38300612999 /* Preview Assets.xcassets in Resources */,
				736405092486E38300612999 /* Assets.xcassets in Resources */,
			);
			runOnlyForDeploymentPostprocessing = 0;
		};
		736405142486E38400612999 /* Resources */ = {
			isa = PBXResourcesBuildPhase;
			buildActionMask = 2147483647;
			files = (
			);
			runOnlyForDeploymentPostprocessing = 0;
		};
		7364051F2486E38400612999 /* Resources */ = {
			isa = PBXResourcesBuildPhase;
			buildActionMask = 2147483647;
			files = (
			);
			runOnlyForDeploymentPostprocessing = 0;
		};
/* End PBXResourcesBuildPhase section */

/* Begin PBXSourcesBuildPhase section */
		736404FD2486E37F00612999 /* Sources */ = {
			isa = PBXSourcesBuildPhase;
			buildActionMask = 2147483647;
			files = (
				736405072486E37F00612999 /* ContentView.swift in Sources */,
				73FD058E2497DA6500DB3A6F /* SwiftSerial.swift in Sources */,
				736405052486E37F00612999 /* AppDelegate.swift in Sources */,
				73FD058A2497D72B00DB3A6F /* BafangController.swift in Sources */,
			);
			runOnlyForDeploymentPostprocessing = 0;
		};
		736405122486E38400612999 /* Sources */ = {
			isa = PBXSourcesBuildPhase;
			buildActionMask = 2147483647;
			files = (
				7364051B2486E38400612999 /* BafangConfigToolTests.swift in Sources */,
			);
			runOnlyForDeploymentPostprocessing = 0;
		};
		7364051D2486E38400612999 /* Sources */ = {
			isa = PBXSourcesBuildPhase;
			buildActionMask = 2147483647;
			files = (
				736405262486E38400612999 /* BafangConfigToolUITests.swift in Sources */,
			);
			runOnlyForDeploymentPostprocessing = 0;
		};
/* End PBXSourcesBuildPhase section */

/* Begin PBXTargetDependency section */
		736405182486E38400612999 /* PBXTargetDependency */ = {
			isa = PBXTargetDependency;
			target = 736405002486E37F00612999 /* BafangConfigTool */;
			targetProxy = 736405172486E38400612999 /* PBXContainerItemProxy */;
		};
		736405232486E38400612999 /* PBXTargetDependency */ = {
			isa = PBXTargetDependency;
			target = 736405002486E37F00612999 /* BafangConfigTool */;
			targetProxy = 736405222486E38400612999 /* PBXContainerItemProxy */;
		};
/* End PBXTargetDependency section */

/* Begin PBXVariantGroup section */
		7364050D2486E38400612999 /* Main.storyboard */ = {
			isa = PBXVariantGroup;
			children = (
				7364050E2486E38400612999 /* Base */,
			);
			name = Main.storyboard;
			sourceTree = "<group>";
		};
/* End PBXVariantGroup section */

/* Begin XCBuildConfiguration section */
		736405282486E38400612999 /* Debug */ = {
			isa = XCBuildConfiguration;
			buildSettings = {
				ALWAYS_SEARCH_USER_PATHS = NO;
				CLANG_ANALYZER_NONNULL = YES;
				CLANG_ANALYZER_NUMBER_OBJECT_CONVERSION = YES_AGGRESSIVE;
				CLANG_CXX_LANGUAGE_STANDARD = "gnu++14";
				CLANG_CXX_LIBRARY = "libc++";
				CLANG_ENABLE_MODULES = YES;
				CLANG_ENABLE_OBJC_ARC = YES;
				CLANG_ENABLE_OBJC_WEAK = YES;
				CLANG_WARN_BLOCK_CAPTURE_AUTORELEASING = YES;
				CLANG_WARN_BOOL_CONVERSION = YES;
				CLANG_WARN_COMMA = YES;
				CLANG_WARN_CONSTANT_CONVERSION = YES;
				CLANG_WARN_DEPRECATED_OBJC_IMPLEMENTATIONS = YES;
				CLANG_WARN_DIRECT_OBJC_ISA_USAGE = YES_ERROR;
				CLANG_WARN_DOCUMENTATION_COMMENTS = YES;
				CLANG_WARN_EMPTY_BODY = YES;
				CLANG_WARN_ENUM_CONVERSION = YES;
				CLANG_WARN_INFINITE_RECURSION = YES;
				CLANG_WARN_INT_CONVERSION = YES;
				CLANG_WARN_NON_LITERAL_NULL_CONVERSION = YES;
				CLANG_WARN_OBJC_IMPLICIT_RETAIN_SELF = YES;
				CLANG_WARN_OBJC_LITERAL_CONVERSION = YES;
				CLANG_WARN_OBJC_ROOT_CLASS = YES_ERROR;
				CLANG_WARN_RANGE_LOOP_ANALYSIS = YES;
				CLANG_WARN_STRICT_PROTOTYPES = YES;
				CLANG_WARN_SUSPICIOUS_MOVE = YES;
				CLANG_WARN_UNGUARDED_AVAILABILITY = YES_AGGRESSIVE;
				CLANG_WARN_UNREACHABLE_CODE = YES;
				CLANG_WARN__DUPLICATE_METHOD_MATCH = YES;
				COPY_PHASE_STRIP = NO;
				DEBUG_INFORMATION_FORMAT = dwarf;
				ENABLE_STRICT_OBJC_MSGSEND = YES;
				ENABLE_TESTABILITY = YES;
				GCC_C_LANGUAGE_STANDARD = gnu11;
				GCC_DYNAMIC_NO_PIC = NO;
				GCC_NO_COMMON_BLOCKS = YES;
				GCC_OPTIMIZATION_LEVEL = 0;
				GCC_PREPROCESSOR_DEFINITIONS = (
					"DEBUG=1",
					"$(inherited)",
				);
				GCC_WARN_64_TO_32_BIT_CONVERSION = YES;
				GCC_WARN_ABOUT_RETURN_TYPE = YES_ERROR;
				GCC_WARN_UNDECLARED_SELECTOR = YES;
				GCC_WARN_UNINITIALIZED_AUTOS = YES_AGGRESSIVE;
				GCC_WARN_UNUSED_FUNCTION = YES;
				GCC_WARN_UNUSED_VARIABLE = YES;
				MACOSX_DEPLOYMENT_TARGET = 10.15;
				MTL_ENABLE_DEBUG_INFO = INCLUDE_SOURCE;
				MTL_FAST_MATH = YES;
				ONLY_ACTIVE_ARCH = YES;
				SDKROOT = macosx;
				SWIFT_ACTIVE_COMPILATION_CONDITIONS = DEBUG;
				SWIFT_OPTIMIZATION_LEVEL = "-Onone";
			};
			name = Debug;
		};
		736405292486E38400612999 /* Release */ = {
			isa = XCBuildConfiguration;
			buildSettings = {
				ALWAYS_SEARCH_USER_PATHS = NO;
				CLANG_ANALYZER_NONNULL = YES;
				CLANG_ANALYZER_NUMBER_OBJECT_CONVERSION = YES_AGGRESSIVE;
				CLANG_CXX_LANGUAGE_STANDARD = "gnu++14";
				CLANG_CXX_LIBRARY = "libc++";
				CLANG_ENABLE_MODULES = YES;
				CLANG_ENABLE_OBJC_ARC = YES;
				CLANG_ENABLE_OBJC_WEAK = YES;
				CLANG_WARN_BLOCK_CAPTURE_AUTORELEASING = YES;
				CLANG_WARN_BOOL_CONVERSION = YES;
				CLANG_WARN_COMMA = YES;
				CLANG_WARN_CONSTANT_CONVERSION = YES;
				CLANG_WARN_DEPRECATED_OBJC_IMPLEMENTATIONS = YES;
				CLANG_WARN_DIRECT_OBJC_ISA_USAGE = YES_ERROR;
				CLANG_WARN_DOCUMENTATION_COMMENTS = YES;
				CLANG_WARN_EMPTY_BODY = YES;
				CLANG_WARN_ENUM_CONVERSION = YES;
				CLANG_WARN_INFINITE_RECURSION = YES;
				CLANG_WARN_INT_CONVERSION = YES;
				CLANG_WARN_NON_LITERAL_NULL_CONVERSION = YES;
				CLANG_WARN_OBJC_IMPLICIT_RETAIN_SELF = YES;
				CLANG_WARN_OBJC_LITERAL_CONVERSION = YES;
				CLANG_WARN_OBJC_ROOT_CLASS = YES_ERROR;
				CLANG_WARN_RANGE_LOOP_ANALYSIS = YES;
				CLANG_WARN_STRICT_PROTOTYPES = YES;
				CLANG_WARN_SUSPICIOUS_MOVE = YES;
				CLANG_WARN_UNGUARDED_AVAILABILITY = YES_AGGRESSIVE;
				CLANG_WARN_UNREACHABLE_CODE = YES;
				CLANG_WARN__DUPLICATE_METHOD_MATCH = YES;
				COPY_PHASE_STRIP = NO;
				DEBUG_INFORMATION_FORMAT = "dwarf-with-dsym";
				ENABLE_NS_ASSERTIONS = NO;
				ENABLE_STRICT_OBJC_MSGSEND = YES;
				GCC_C_LANGUAGE_STANDARD = gnu11;
				GCC_NO_COMMON_BLOCKS = YES;
				GCC_WARN_64_TO_32_BIT_CONVERSION = YES;
				GCC_WARN_ABOUT_RETURN_TYPE = YES_ERROR;
				GCC_WARN_UNDECLARED_SELECTOR = YES;
				GCC_WARN_UNINITIALIZED_AUTOS = YES_AGGRESSIVE;
				GCC_WARN_UNUSED_FUNCTION = YES;
				GCC_WARN_UNUSED_VARIABLE = YES;
				MACOSX_DEPLOYMENT_TARGET = 10.15;
				MTL_ENABLE_DEBUG_INFO = NO;
				MTL_FAST_MATH = YES;
				SDKROOT = macosx;
				SWIFT_COMPILATION_MODE = wholemodule;
				SWIFT_OPTIMIZATION_LEVEL = "-O";
			};
			name = Release;
		};
		7364052B2486E38400612999 /* Debug */ = {
			isa = XCBuildConfiguration;
			buildSettings = {
				ASSETCATALOG_COMPILER_APPICON_NAME = AppIcon;
				CODE_SIGN_ENTITLEMENTS = BafangConfigTool/BafangConfigTool.entitlements;
				CODE_SIGN_STYLE = Automatic;
				COMBINE_HIDPI_IMAGES = YES;
				DEVELOPMENT_ASSET_PATHS = "\"BafangConfigTool/Preview Content\"";
				ENABLE_PREVIEWS = YES;
				INFOPLIST_FILE = BafangConfigTool/Info.plist;
				LD_RUNPATH_SEARCH_PATHS = (
					"$(inherited)",
					"@executable_path/../Frameworks",
				);
				MACOSX_DEPLOYMENT_TARGET = 10.15;
				PRODUCT_BUNDLE_IDENTIFIER = cllebi.BafangConfigTool;
				PRODUCT_NAME = "$(TARGET_NAME)";
				SWIFT_VERSION = 5.0;
			};
			name = Debug;
		};
		7364052C2486E38400612999 /* Release */ = {
			isa = XCBuildConfiguration;
			buildSettings = {
				ASSETCATALOG_COMPILER_APPICON_NAME = AppIcon;
				CODE_SIGN_ENTITLEMENTS = BafangConfigTool/BafangConfigTool.entitlements;
				CODE_SIGN_STYLE = Automatic;
				COMBINE_HIDPI_IMAGES = YES;
				DEVELOPMENT_ASSET_PATHS = "\"BafangConfigTool/Preview Content\"";
				ENABLE_PREVIEWS = YES;
				INFOPLIST_FILE = BafangConfigTool/Info.plist;
				LD_RUNPATH_SEARCH_PATHS = (
					"$(inherited)",
					"@executable_path/../Frameworks",
				);
				MACOSX_DEPLOYMENT_TARGET = 10.15;
				PRODUCT_BUNDLE_IDENTIFIER = cllebi.BafangConfigTool;
				PRODUCT_NAME = "$(TARGET_NAME)";
				SWIFT_VERSION = 5.0;
			};
			name = Release;
		};
		7364052E2486E38400612999 /* Debug */ = {
			isa = XCBuildConfiguration;
			buildSettings = {
				ALWAYS_EMBED_SWIFT_STANDARD_LIBRARIES = YES;
				BUNDLE_LOADER = "$(TEST_HOST)";
				CODE_SIGN_STYLE = Automatic;
				COMBINE_HIDPI_IMAGES = YES;
				INFOPLIST_FILE = BafangConfigToolTests/Info.plist;
				LD_RUNPATH_SEARCH_PATHS = (
					"$(inherited)",
					"@executable_path/../Frameworks",
					"@loader_path/../Frameworks",
				);
				MACOSX_DEPLOYMENT_TARGET = 10.15;
				PRODUCT_BUNDLE_IDENTIFIER = cllebi.BafangConfigToolTests;
				PRODUCT_NAME = "$(TARGET_NAME)";
				SWIFT_VERSION = 5.0;
				TEST_HOST = "$(BUILT_PRODUCTS_DIR)/BafangConfigTool.app/Contents/MacOS/BafangConfigTool";
			};
			name = Debug;
		};
		7364052F2486E38400612999 /* Release */ = {
			isa = XCBuildConfiguration;
			buildSettings = {
				ALWAYS_EMBED_SWIFT_STANDARD_LIBRARIES = YES;
				BUNDLE_LOADER = "$(TEST_HOST)";
				CODE_SIGN_STYLE = Automatic;
				COMBINE_HIDPI_IMAGES = YES;
				INFOPLIST_FILE = BafangConfigToolTests/Info.plist;
				LD_RUNPATH_SEARCH_PATHS = (
					"$(inherited)",
					"@executable_path/../Frameworks",
					"@loader_path/../Frameworks",
				);
				MACOSX_DEPLOYMENT_TARGET = 10.15;
				PRODUCT_BUNDLE_IDENTIFIER = cllebi.BafangConfigToolTests;
				PRODUCT_NAME = "$(TARGET_NAME)";
				SWIFT_VERSION = 5.0;
				TEST_HOST = "$(BUILT_PRODUCTS_DIR)/BafangConfigTool.app/Contents/MacOS/BafangConfigTool";
			};
			name = Release;
		};
		736405312486E38400612999 /* Debug */ = {
			isa = XCBuildConfiguration;
			buildSettings = {
				ALWAYS_EMBED_SWIFT_STANDARD_LIBRARIES = YES;
				CODE_SIGN_STYLE = Automatic;
				COMBINE_HIDPI_IMAGES = YES;
				INFOPLIST_FILE = BafangConfigToolUITests/Info.plist;
				LD_RUNPATH_SEARCH_PATHS = (
					"$(inherited)",
					"@executable_path/../Frameworks",
					"@loader_path/../Frameworks",
				);
				PRODUCT_BUNDLE_IDENTIFIER = cllebi.BafangConfigToolUITests;
				PRODUCT_NAME = "$(TARGET_NAME)";
				SWIFT_VERSION = 5.0;
				TEST_TARGET_NAME = BafangConfigTool;
			};
			name = Debug;
		};
		736405322486E38400612999 /* Release */ = {
			isa = XCBuildConfiguration;
			buildSettings = {
				ALWAYS_EMBED_SWIFT_STANDARD_LIBRARIES = YES;
				CODE_SIGN_STYLE = Automatic;
				COMBINE_HIDPI_IMAGES = YES;
				INFOPLIST_FILE = BafangConfigToolUITests/Info.plist;
				LD_RUNPATH_SEARCH_PATHS = (
					"$(inherited)",
					"@executable_path/../Frameworks",
					"@loader_path/../Frameworks",
				);
				PRODUCT_BUNDLE_IDENTIFIER = cllebi.BafangConfigToolUITests;
				PRODUCT_NAME = "$(TARGET_NAME)";
				SWIFT_VERSION = 5.0;
				TEST_TARGET_NAME = BafangConfigTool;
			};
			name = Release;
		};
/* End XCBuildConfiguration section */

/* Begin XCConfigurationList section */
		736404FC2486E37F00612999 /* Build configuration list for PBXProject "BafangConfigTool" */ = {
			isa = XCConfigurationList;
			buildConfigurations = (
				736405282486E38400612999 /* Debug */,
				736405292486E38400612999 /* Release */,
			);
			defaultConfigurationIsVisible = 0;
			defaultConfigurationName = Release;
		};
		7364052A2486E38400612999 /* Build configuration list for PBXNativeTarget "BafangConfigTool" */ = {
			isa = XCConfigurationList;
			buildConfigurations = (
				7364052B2486E38400612999 /* Debug */,
				7364052C2486E38400612999 /* Release */,
			);
			defaultConfigurationIsVisible = 0;
			defaultConfigurationName = Release;
		};
		7364052D2486E38400612999 /* Build configuration list for PBXNativeTarget "BafangConfigToolTests" */ = {
			isa = XCConfigurationList;
			buildConfigurations = (
				7364052E2486E38400612999 /* Debug */,
				7364052F2486E38400612999 /* Release */,
			);
			defaultConfigurationIsVisible = 0;
			defaultConfigurationName = Release;
		};
		736405302486E38400612999 /* Build configuration list for PBXNativeTarget "BafangConfigToolUITests" */ = {
			isa = XCConfigurationList;
			buildConfigurations = (
				736405312486E38400612999 /* Debug */,
				736405322486E38400612999 /* Release */,
			);
			defaultConfigurationIsVisible = 0;
			defaultConfigurationName = Release;
		};
/* End XCConfigurationList section */
	};
	rootObject = 736404F92486E37F00612999 /* Project object */;
}
